
Microsoft Visual Studio Solution File, Format Version 12.00
# Visual Studio 14
VisualStudioVersion = 14.0.25420.1
MinimumVisualStudioVersion = 10.0.40219.1
Project("{2150E333-8FDC-42A3-9474-1A3956D46DE8}") = "src", "src", "{3C0F9978-D538-499D-BB4F-62F7078BD319}"
EndProject
Project("{2150E333-8FDC-42A3-9474-1A3956D46DE8}") = "Solution Items", "Solution Items", "{FA9DA176-CC18-4B60-AE2D-A0DD3BDE754A}"
	ProjectSection(SolutionItems) = preProject
		global.json = global.json
	EndProjectSection
EndProject
Project("{8BB2217D-0F2D-49D1-97BC-3654ED321F3B}") = "MandevilleJoinery.Web", "src\MandevilleJoinery.Web\MandevilleJoinery.Web.xproj", "{D997A7D8-54A1-411C-9707-DE93D859B0EC}"
EndProject
Global
	GlobalSection(SolutionConfigurationPlatforms) = preSolution
		Debug|Any CPU = Debug|Any CPU
		Release|Any CPU = Release|Any CPU
	EndGlobalSection
	GlobalSection(ProjectConfigurationPlatforms) = postSolution
		{D997A7D8-54A1-411C-9707-DE93D859B0EC}.Debug|Any CPU.ActiveCfg = Debug|Any CPU
		{D997A7D8-54A1-411C-9707-DE93D859B0EC}.Debug|Any CPU.Build.0 = Debug|Any CPU
		{D997A7D8-54A1-411C-9707-DE93D859B0EC}.Release|Any CPU.ActiveCfg = Release|Any CPU
		{D997A7D8-54A1-411C-9707-DE93D859B0EC}.Release|Any CPU.Build.0 = Release|Any CPU
	EndGlobalSection
	GlobalSection(SolutionProperties) = preSolution
		HideSolutionNode = FALSE
	EndGlobalSection
	GlobalSection(NestedProjects) = preSolution
		{D997A7D8-54A1-411C-9707-DE93D859B0EC} = {3C0F9978-D538-499D-BB4F-62F7078BD319}
	EndGlobalSection
EndGlobal
